// !$*UTF8*$!
{
	archiveVersion = 1;
	classes = {
	};
	objectVersion = 38;
	objects = {
		F5A326F8039CC0FC01010203 = {
			children = (
				F5A326FD039CC13101010203,
				F5A326FE039CC13101010203,
				F5A32702039CC13101010203,
				F5A32728039CC13101010203,
				F5A32754039CC13201010203,
				F5A3276F039CC13201010203,
				F5A32774039CC13201010203,
				F5A3278A039CC13201010203,
				F5A3278F039CC13201010203,
				F5A32790039CC13201010203,
				F5A32799039CC13201010203,
				F5A3279C039CC13201010203,
			);
			isa = PBXGroup;
			refType = 4;
		};
		F5A326FA039CC0FC01010203 = {
			buildRules = (
			);
			buildSettings = {
				COPY_PHASE_STRIP = NO;
			};
			isa = PBXBuildStyle;
			name = Development;
		};
		F5A326FB039CC0FC01010203 = {
			buildRules = (
			);
			buildSettings = {
				COPY_PHASE_STRIP = YES;
			};
			isa = PBXBuildStyle;
			name = Deployment;
		};
		F5A326FC039CC0FC01010203 = {
			buildStyles = (
				F5A326FA039CC0FC01010203,
				F5A326FB039CC0FC01010203,
			);
			isa = PBXProject;
			mainGroup = F5A326F8039CC0FC01010203;
			projectDirPath = "";
			targets = (
			);
		};
		F5A326FD039CC13101010203 = {
			isa = PBXFileReference;
			path = config.php;
			refType = 4;
		};
		F5A326FE039CC13101010203 = {
			children = (
				F5A326FF039CC13101010203,
				F5A32700039CC13101010203,
				F5A32701039CC13101010203,
			);
			isa = PBXGroup;
			path = CVS;
			refType = 4;
		};
		F5A326FF039CC13101010203 = {
			isa = PBXFileReference;
			path = Entries;
			refType = 4;
		};
		F5A32700039CC13101010203 = {
			isa = PBXFileReference;
			path = Repository;
			refType = 4;
		};
		F5A32701039CC13101010203 = {
			isa = PBXFileReference;
			path = Root;
			refType = 4;
		};
		F5A32702039CC13101010203 = {
			children = (
				F5A32704039CC13101010203,
				F5A32705039CC13101010203,
				F5A32706039CC13101010203,
				F5A32707039CC13101010203,
				F5A32713039CC13101010203,
				F5A32714039CC13101010203,
				F5A32715039CC13101010203,
				F5A32716039CC13101010203,
				F5A32717039CC13101010203,
				F5A32718039CC13101010203,
				F5A32719039CC13101010203,
				F5A3271A039CC13101010203,
				F5A3271B039CC13101010203,
				F5A32727039CC13101010203,
			);
			isa = PBXGroup;
			path = docs;
			refType = 4;
		};
		F5A32704039CC13101010203 = {
			isa = PBXFileReference;
			path = apache.pod;
			refType = 4;
		};
		F5A32705039CC13101010203 = {
			isa = PBXFileReference;
			path = changelog.pod;
			refType = 4;
		};
		F5A32706039CC13101010203 = {
			isa = PBXFileReference;
			path = credits.pod;
			refType = 4;
		};
		F5A32707039CC13101010203 = {
			children = (
				F5A32708039CC13101010203,
				F5A32709039CC13101010203,
				F5A3270A039CC13101010203,
				F5A3270B039CC13101010203,
				F5A3270C039CC13101010203,
				F5A3270D039CC13101010203,
				F5A3270E039CC13101010203,
				F5A3270F039CC13101010203,
				F5A32710039CC13101010203,
				F5A32711039CC13101010203,
				F5A32712039CC13101010203,
			);
			isa = PBXGroup;
			path = html;
			refType = 4;
		};
		F5A32708039CC13101010203 = {
			isa = PBXFileReference;
			path = apache.html;
			refType = 4;
		};
		F5A32709039CC13101010203 = {
			isa = PBXFileReference;
			path = changelog.html;
			refType = 4;
		};
		F5A3270A039CC13101010203 = {
			isa = PBXFileReference;
			path = credits.html;
			refType = 4;
		};
		F5A3270B039CC13101010203 = {
			isa = PBXFileReference;
			path = install.html;
			refType = 4;
		};
		F5A3270C039CC13101010203 = {
			isa = PBXFileReference;
			path = jump.html;
			refType = 4;
		};
		F5A3270D039CC13101010203 = {
			isa = PBXFileReference;
			path = license.html;
			refType = 4;
		};
		F5A3270E039CC13101010203 = {
			isa = PBXFileReference;
			path = mig_cf.html;
			refType = 4;
		};
		F5A3270F039CC13101010203 = {
			isa = PBXFileReference;
			path = passwords.html;
			refType = 4;
		};
		F5A32710039CC13101010203 = {
			isa = PBXFileReference;
			path = portals.html;
			refType = 4;
		};
		F5A32711039CC13101010203 = {
			isa = PBXFileReference;
			path = templates.html;
			refType = 4;
		};
		F5A32712039CC13101010203 = {
			isa = PBXFileReference;
			path = utilities.html;
			refType = 4;
		};
		F5A32713039CC13101010203 = {
			isa = PBXFileReference;
			path = install.pod;
			refType = 4;
		};
		F5A32714039CC13101010203 = {
			isa = PBXFileReference;
			path = jump.pod;
			refType = 4;
		};
		F5A32715039CC13101010203 = {
			isa = PBXFileReference;
			path = license.pod;
			refType = 4;
		};
		F5A32716039CC13101010203 = {
			isa = PBXFileReference;
			path = Makefile;
			refType = 4;
		};
		F5A32717039CC13101010203 = {
			isa = PBXFileReference;
			path = mig_cf.pod;
			refType = 4;
		};
		F5A32718039CC13101010203 = {
			isa = PBXFileReference;
			path = passwords.pod;
			refType = 4;
		};
		F5A32719039CC13101010203 = {
			isa = PBXFileReference;
			path = portals.pod;
			refType = 4;
		};
		F5A3271A039CC13101010203 = {
			isa = PBXFileReference;
			path = templates.pod;
			refType = 4;
		};
		F5A3271B039CC13101010203 = {
			children = (
				F5A3271C039CC13101010203,
				F5A3271D039CC13101010203,
				F5A3271E039CC13101010203,
				F5A3271F039CC13101010203,
				F5A32720039CC13101010203,
				F5A32721039CC13101010203,
				F5A32722039CC13101010203,
				F5A32723039CC13101010203,
				F5A32724039CC13101010203,
				F5A32725039CC13101010203,
				F5A32726039CC13101010203,
			);
			isa = PBXGroup;
			path = text;
			refType = 4;
		};
		F5A3271C039CC13101010203 = {
			isa = PBXFileReference;
			path = apache.txt;
			refType = 4;
		};
		F5A3271D039CC13101010203 = {
			isa = PBXFileReference;
			path = changelog.txt;
			refType = 4;
		};
		F5A3271E039CC13101010203 = {
			isa = PBXFileReference;
			path = credits.txt;
			refType = 4;
		};
		F5A3271F039CC13101010203 = {
			isa = PBXFileReference;
			path = install.txt;
			refType = 4;
		};
		F5A32720039CC13101010203 = {
			isa = PBXFileReference;
			path = jump.txt;
			refType = 4;
		};
		F5A32721039CC13101010203 = {
			isa = PBXFileReference;
			path = license.txt;
			refType = 4;
		};
		F5A32722039CC13101010203 = {
			isa = PBXFileReference;
			path = mig_cf.txt;
			refType = 4;
		};
		F5A32723039CC13101010203 = {
			isa = PBXFileReference;
			path = passwords.txt;
			refType = 4;
		};
		F5A32724039CC13101010203 = {
			isa = PBXFileReference;
			path = portals.txt;
			refType = 4;
		};
		F5A32725039CC13101010203 = {
			isa = PBXFileReference;
			path = templates.txt;
			refType = 4;
		};
		F5A32726039CC13101010203 = {
			isa = PBXFileReference;
			path = utilities.txt;
			refType = 4;
		};
		F5A32727039CC13101010203 = {
			isa = PBXFileReference;
			path = utilities.pod;
			refType = 4;
		};
		F5A32728039CC13101010203 = {
			children = (
				F5A3272A039CC13201010203,
				F5A3272B039CC13201010203,
				F5A32739039CC13201010203,
			);
			isa = PBXGroup;
			path = extras;
			refType = 4;
		};
		F5A3272A039CC13201010203 = {
			isa = PBXFileReference;
			path = Makefile;
			refType = 4;
		};
		F5A3272B039CC13201010203 = {
			children = (
				F5A3272D039CC13201010203,
				F5A3272E039CC13201010203,
				F5A3272F039CC13201010203,
				F5A32730039CC13201010203,
				F5A32731039CC13201010203,
				F5A32732039CC13201010203,
				F5A32733039CC13201010203,
				F5A32734039CC13201010203,
				F5A32735039CC13201010203,
				F5A32736039CC13201010203,
				F5A32737039CC13201010203,
				F5A32738039CC13201010203,
			);
			isa = PBXGroup;
			path = "mig-contrib";
			refType = 4;
		};
		F5A3272D039CC13201010203 = {
			isa = PBXFileReference;
			path = "convert-metafiles.sh";
			refType = 4;
		};
		F5A3272E039CC13201010203 = {
			isa = PBXFileReference;
			path = crypt.pl;
			refType = 4;
		};
		F5A3272F039CC13201010203 = {
			isa = PBXFileReference;
			path = featured.php;
			refType = 4;
		};
		F5A32730039CC13201010203 = {
			isa = PBXFileReference;
			path = gallery.sh;
			refType = 4;
		};
		F5A32731039CC13201010203 = {
			isa = PBXFileReference;
			path = "grabexif-0.1.tar.gz";
			refType = 4;
		};
		F5A32732039CC13201010203 = {
			isa = PBXFileReference;
			path = INDEX.txt;
			refType = 4;
		};
		F5A32733039CC13201010203 = {
			isa = PBXFileReference;
			path = mf_conv.pl;
			refType = 4;
		};
		F5A32734039CC13201010203 = {
			isa = PBXFileReference;
			path = migPutCommentInFile.sh;
			refType = 4;
		};
		F5A32735039CC13201010203 = {
			isa = PBXFileReference;
			path = mkGallery.php;
			refType = 4;
		};
		F5A32736039CC13201010203 = {
			isa = PBXFileReference;
			path = mkthumbs.com;
			refType = 4;
		};
		F5A32737039CC13201010203 = {
			isa = PBXFileReference;
			path = phpnuke_module.php;
			refType = 4;
		};
		F5A32738039CC13201010203 = {
			isa = PBXFileReference;
			path = README.txt;
			refType = 4;
		};
		F5A32739039CC13201010203 = {
			children = (
				F5A3273A039CC13201010203,
				F5A32747039CC13201010203,
				F5A32753039CC13201010203,
			);
			isa = PBXGroup;
			path = Mig_Example_Gallery;
			refType = 4;
		};
		F5A3273A039CC13201010203 = {
			children = (
				F5A3273B039CC13201010203,
				F5A3273C039CC13201010203,
				F5A3273D039CC13201010203,
				F5A3273E039CC13201010203,
				F5A3273F039CC13201010203,
				F5A32740039CC13201010203,
				F5A32741039CC13201010203,
			);
			isa = PBXGroup;
			path = Bahamas;
			refType = 4;
		};
		F5A3273B039CC13201010203 = {
			isa = PBXFileReference;
			path = AUT_4125.JPG;
			refType = 4;
		};
		F5A3273C039CC13201010203 = {
			isa = PBXFileReference;
			path = AUT_4126.JPG;
			refType = 4;
		};
		F5A3273D039CC13201010203 = {
			isa = PBXFileReference;
			path = AUT_4130.JPG;
			refType = 4;
		};
		F5A3273E039CC13201010203 = {
			isa = PBXFileReference;
			path = AUT_4135.JPG;
			refType = 4;
		};
		F5A3273F039CC13201010203 = {
			isa = PBXFileReference;
			path = AUT_4137.JPG;
			refType = 4;
		};
		F5A32740039CC13201010203 = {
			isa = PBXFileReference;
			path = exif.inf;
			refType = 4;
		};
		F5A32741039CC13201010203 = {
			children = (
				F5A32742039CC13201010203,
				F5A32743039CC13201010203,
				F5A32744039CC13201010203,
				F5A32745039CC13201010203,
				F5A32746039CC13201010203,
			);
			isa = PBXGroup;
			path = thumbs;
			refType = 4;
		};
		F5A32742039CC13201010203 = {
			isa = PBXFileReference;
			path = AUT_4125.JPG;
			refType = 4;
		};
		F5A32743039CC13201010203 = {
			isa = PBXFileReference;
			path = AUT_4126.JPG;
			refType = 4;
		};
		F5A32744039CC13201010203 = {
			isa = PBXFileReference;
			path = AUT_4130.JPG;
			refType = 4;
		};
		F5A32745039CC13201010203 = {
			isa = PBXFileReference;
			path = AUT_4135.JPG;
			refType = 4;
		};
		F5A32746039CC13201010203 = {
			isa = PBXFileReference;
			path = AUT_4137.JPG;
			refType = 4;
		};
		F5A32747039CC13201010203 = {
			children = (
				F5A32748039CC13201010203,
				F5A32749039CC13201010203,
				F5A3274A039CC13201010203,
				F5A3274B039CC13201010203,
				F5A3274C039CC13201010203,
				F5A3274D039CC13201010203,
				F5A3274E039CC13201010203,
			);
			isa = PBXGroup;
			path = European_Tour;
			refType = 4;
		};
		F5A32748039CC13201010203 = {
			isa = PBXFileReference;
			path = "AUT 1914.JPG";
			refType = 4;
		};
		F5A32749039CC13201010203 = {
			isa = PBXFileReference;
			path = AUT_2323.JPG;
			refType = 4;
		};
		F5A3274A039CC13201010203 = {
			isa = PBXFileReference;
			path = AUT_2406.JPG;
			refType = 4;
		};
		F5A3274B039CC13201010203 = {
			isa = PBXFileReference;
			path = AUT_2608.JPG;
			refType = 4;
		};
		F5A3274C039CC13201010203 = {
			isa = PBXFileReference;
			path = exif.inf;
			refType = 4;
		};
		F5A3274D039CC13201010203 = {
			isa = PBXFileReference;
			path = mig.cf;
			refType = 4;
		};
		F5A3274E039CC13201010203 = {
			children = (
				F5A3274F039CC13201010203,
				F5A32750039CC13201010203,
				F5A32751039CC13201010203,
				F5A32752039CC13201010203,
			);
			isa = PBXGroup;
			path = thumbs;
			refType = 4;
		};
		F5A3274F039CC13201010203 = {
			isa = PBXFileReference;
			path = "AUT 1914.JPG";
			refType = 4;
		};
		F5A32750039CC13201010203 = {
			isa = PBXFileReference;
			path = AUT_2323.JPG;
			refType = 4;
		};
		F5A32751039CC13201010203 = {
			isa = PBXFileReference;
			path = AUT_2406.JPG;
			refType = 4;
		};
		F5A32752039CC13201010203 = {
			isa = PBXFileReference;
			path = AUT_2608.JPG;
			refType = 4;
		};
		F5A32753039CC13201010203 = {
			isa = PBXFileReference;
			path = mig.cf;
			refType = 4;
		};
		F5A32754039CC13201010203 = {
			children = (
				F5A32756039CC13201010203,
				F5A32757039CC13201010203,
				F5A32758039CC13201010203,
				F5A32759039CC13201010203,
				F5A3275A039CC13201010203,
				F5A3275B039CC13201010203,
				F5A3275C039CC13201010203,
				F5A3275D039CC13201010203,
				F5A3275E039CC13201010203,
				F5A3275F039CC13201010203,
				F5A32760039CC13201010203,
				F5A32761039CC13201010203,
				F5A32762039CC13201010203,
				F5A32763039CC13201010203,
				F5A32764039CC13201010203,
				F5A32765039CC13201010203,
				F5A32766039CC13201010203,
				F5A32767039CC13201010203,
				F5A32768039CC13201010203,
				F5A32769039CC13201010203,
				F5A3276A039CC13201010203,
				F5A3276B039CC13201010203,
				F5A3276C039CC13201010203,
				F5A3276D039CC13201010203,
				F5A3276E039CC13201010203,
			);
			isa = PBXGroup;
			path = functions;
			refType = 4;
		};
		F5A32756039CC13201010203 = {
			isa = PBXFileReference;
			path = buildBackLink.php;
			refType = 4;
		};
		F5A32757039CC13201010203 = {
			isa = PBXFileReference;
			path = buildDirList.php;
			refType = 4;
		};
		F5A32758039CC13201010203 = {
			isa = PBXFileReference;
			path = buildImageList.php;
			refType = 4;
		};
		F5A32759039CC13201010203 = {
			isa = PBXFileReference;
			path = buildImageURL.php;
			refType = 4;
		};
		F5A3275A039CC13201010203 = {
			isa = PBXFileReference;
			path = buildLargeHrefStart.php;
			refType = 4;
		};
		F5A3275B039CC13201010203 = {
			isa = PBXFileReference;
			path = buildLargeLink.php;
			refType = 4;
		};
		F5A3275C039CC13201010203 = {
			isa = PBXFileReference;
			path = buildNextPrevLinks.php;
			refType = 4;
		};
		F5A3275D039CC13201010203 = {
			isa = PBXFileReference;
			path = buildTable.php;
			refType = 4;
		};
		F5A3275E039CC13201010203 = {
			isa = PBXFileReference;
			path = buildYouAreHere.php;
			refType = 4;
		};
		F5A3275F039CC13201010203 = {
			isa = PBXFileReference;
			path = convertIncludePath.php;
			refType = 4;
		};
		F5A32760039CC13201010203 = {
			isa = PBXFileReference;
			path = formatExifData.php;
			refType = 4;
		};
		F5A32761039CC13201010203 = {
			isa = PBXFileReference;
			path = getExifDescription.php;
			refType = 4;
		};
		F5A32762039CC13201010203 = {
			isa = PBXFileReference;
			path = getFileExtension.php;
			refType = 4;
		};
		F5A32763039CC13201010203 = {
			isa = PBXFileReference;
			path = getFileName.php;
			refType = 4;
		};
		F5A32764039CC13201010203 = {
			isa = PBXFileReference;
			path = getFileType.php;
			refType = 4;
		};
		F5A32765039CC13201010203 = {
			isa = PBXFileReference;
			path = getImageDescFromFile.php;
			refType = 4;
		};
		F5A32766039CC13201010203 = {
			isa = PBXFileReference;
			path = getImageDescription.php;
			refType = 4;
		};
		F5A32767039CC13201010203 = {
			isa = PBXFileReference;
			path = getNewCurrDir.php;
			refType = 4;
		};
		F5A32768039CC13201010203 = {
			isa = PBXFileReference;
			path = getNumberOfDirs.php;
			refType = 4;
		};
		F5A32769039CC13201010203 = {
			isa = PBXFileReference;
			path = getNumberOfImages.php;
			refType = 4;
		};
		F5A3276A039CC13201010203 = {
			isa = PBXFileReference;
			path = getRandomThumb.php;
			refType = 4;
		};
		F5A3276B039CC13201010203 = {
			isa = PBXFileReference;
			path = migURLencode.php;
			refType = 4;
		};
		F5A3276C039CC13201010203 = {
			isa = PBXFileReference;
			path = parseExifDate.php;
			refType = 4;
		};
		F5A3276D039CC13201010203 = {
			isa = PBXFileReference;
			path = parseMigCf.php;
			refType = 4;
		};
		F5A3276E039CC13201010203 = {
			isa = PBXFileReference;
			path = printTemplate.php;
			refType = 4;
		};
		F5A3276F039CC13201010203 = {
			children = (
				F5A32770039CC13201010203,
				F5A32771039CC13201010203,
				F5A32772039CC13201010203,
				F5A32773039CC13201010203,
			);
			isa = PBXGroup;
			path = images;
			refType = 4;
		};
		F5A32770039CC13201010203 = {
			isa = PBXFileReference;
			path = folder.gif;
			refType = 4;
		};
		F5A32771039CC13201010203 = {
			isa = PBXFileReference;
			path = movie.gif;
			refType = 4;
		};
		F5A32772039CC13201010203 = {
			isa = PBXFileReference;
			path = music.gif;
			refType = 4;
		};
		F5A32773039CC13201010203 = {
			isa = PBXFileReference;
			path = no_thumb.gif;
			refType = 4;
		};
		F5A32774039CC13201010203 = {
			children = (
				F5A32775039CC13201010203,
				F5A32776039CC13201010203,
				F5A32777039CC13201010203,
				F5A32778039CC13201010203,
				F5A32779039CC13201010203,
				F5A3277A039CC13201010203,
				F5A3277B039CC13201010203,
				F5A3277C039CC13201010203,
				F5A3277D039CC13201010203,
				F5A3277E039CC13201010203,
				F5A3277F039CC13201010203,
				F5A32780039CC13201010203,
				F5A32781039CC13201010203,
				F5A32782039CC13201010203,
				F5A32783039CC13201010203,
				F5A32784039CC13201010203,
				F5A32785039CC13201010203,
				F5A32786039CC13201010203,
				F5A32787039CC13201010203,
				F5A32788039CC13201010203,
				F5A32789039CC13201010203,
			);
			isa = PBXGroup;
			path = languages;
			refType = 4;
		};
		F5A32775039CC13201010203 = {
			isa = PBXFileReference;
			path = br.php;
			refType = 4;
		};
		F5A32776039CC13201010203 = {
			isa = PBXFileReference;
			path = de.php;
			refType = 4;
		};
		F5A32777039CC13201010203 = {
			isa = PBXFileReference;
			path = dk.php;
			refType = 4;
		};
		F5A32778039CC13201010203 = {
			isa = PBXFileReference;
			path = ee.php;
			refType = 4;
		};
		F5A32779039CC13201010203 = {
			isa = PBXFileReference;
			path = en.php;
			refType = 4;
		};
		F5A3277A039CC13201010203 = {
			isa = PBXFileReference;
			path = es.php;
			refType = 4;
		};
		F5A3277B039CC13201010203 = {
			isa = PBXFileReference;
			path = fi.php;
			refType = 4;
		};
		F5A3277C039CC13201010203 = {
			isa = PBXFileReference;
			path = fr.php;
			refType = 4;
		};
		F5A3277D039CC13201010203 = {
			isa = PBXFileReference;
			path = it.php;
			refType = 4;
		};
		F5A3277E039CC13201010203 = {
			isa = PBXFileReference;
			path = jp.php;
			refType = 4;
		};
		F5A3277F039CC13201010203 = {
			isa = PBXFileReference;
			path = koi8r.php;
			refType = 4;
		};
		F5A32780039CC13201010203 = {
			isa = PBXFileReference;
			path = nl.php;
			refType = 4;
		};
		F5A32781039CC13201010203 = {
			isa = PBXFileReference;
			path = no.php;
			refType = 4;
		};
		F5A32782039CC13201010203 = {
			isa = PBXFileReference;
			path = pl.php;
			refType = 4;
		};
		F5A32783039CC13201010203 = {
			isa = PBXFileReference;
			path = pliso.php;
			refType = 4;
		};
		F5A32784039CC13201010203 = {
			isa = PBXFileReference;
			path = ro.php;
			refType = 4;
		};
		F5A32785039CC13201010203 = {
			isa = PBXFileReference;
			path = ru.php;
			refType = 4;
		};
		F5A32786039CC13201010203 = {
			isa = PBXFileReference;
			path = se.php;
			refType = 4;
		};
		F5A32787039CC13201010203 = {
			isa = PBXFileReference;
			path = sk.php;
			refType = 4;
		};
		F5A32788039CC13201010203 = {
			isa = PBXFileReference;
			path = tr.php;
			refType = 4;
		};
		F5A32789039CC13201010203 = {
			isa = PBXFileReference;
			path = zh.php;
			refType = 4;
		};
		F5A3278A039CC13201010203 = {
			children = (
				F5A3278B039CC13201010203,
				F5A3278C039CC13201010203,
				F5A3278D039CC13201010203,
				F5A3278E039CC13201010203,
			);
			isa = PBXGroup;
			path = main;
			refType = 4;
		};
		F5A3278B039CC13201010203 = {
			isa = PBXFileReference;
			path = body.php;
			refType = 4;
		};
		F5A3278C039CC13201010203 = {
			isa = PBXFileReference;
			path = defaults.php;
			refType = 4;
		};
		F5A3278D039CC13201010203 = {
			isa = PBXFileReference;
			path = pathConvert.php;
			refType = 4;
		};
		F5A3278E039CC13201010203 = {
			isa = PBXFileReference;
			path = preamble.php;
			refType = 4;
		};
		F5A3278F039CC13201010203 = {
			isa = PBXFileReference;
			path = Makefile;
			refType = 4;
		};
		F5A32790039CC13201010203 = {
			children = (
				F5A32791039CC13201010203,
				F5A32792039CC13201010203,
				F5A32793039CC13201010203,
				F5A32794039CC13201010203,
				F5A32795039CC13201010203,
				F5A32796039CC13201010203,
				F5A32797039CC13201010203,
				F5A32798039CC13201010203,
			);
			isa = PBXGroup;
			path = templates;
			refType = 4;
		};
		F5A32791039CC13201010203 = {
			isa = PBXFileReference;
			path = .DS_Store;
			refType = 4;
		};
		F5A32792039CC13201010203 = {
			isa = PBXFileReference;
			path = folder.html;
			refType = 4;
		};
		F5A32793039CC13201010203 = {
			isa = PBXFileReference;
			path = image.html;
			refType = 4;
		};
		F5A32794039CC13201010203 = {
			isa = PBXFileReference;
			path = large.html;
			refType = 4;
		};
		F5A32795039CC13201010203 = {
			isa = PBXFileReference;
			path = mig_folder.php;
			refType = 4;
		};
		F5A32796039CC13201010203 = {
			isa = PBXFileReference;
			path = mig_image.php;
			refType = 4;
		};
		F5A32797039CC13201010203 = {
			isa = PBXFileReference;
			path = mig_large.php;
			refType = 4;
		};
		F5A32798039CC13201010203 = {
			isa = PBXFileReference;
			path = style.css;
			refType = 4;
		};
		F5A32799039CC13201010203 = {
			children = (
				F5A3279A039CC13201010203,
				F5A3279B039CC13201010203,
			);
			isa = PBXGroup;
			path = utilities;
			refType = 4;
		};
		F5A3279A039CC13201010203 = {
			isa = PBXFileReference;
			path = jhead.tar.gz;
			refType = 4;
		};
		F5A3279B039CC13201010203 = {
			isa = PBXFileReference;
			path = mkGallery.pl;
			refType = 4;
		};
		F5A3279C039CC13201010203 = {
			children = (
				F5A3279D039CC13201010203,
				F5A3279E039CC13201010203,
				F5A3279F039CC13201010203,
			);
			isa = PBXGroup;
			path = xoops;
			refType = 4;
		};
		F5A3279D039CC13201010203 = {
			isa = PBXFileReference;
			path = mig_logo.jpg;
			refType = 4;
		};
		F5A3279E039CC13201010203 = {
			isa = PBXFileReference;
			path = modinfo.php;
			refType = 4;
		};
		F5A3279F039CC13201010203 = {
			isa = PBXFileReference;
			path = xoops_version.php;
			refType = 4;
		};
	};
	rootObject = F5A326FC039CC0FC01010203;
}
